
Microsoft Visual Studio Solution File, Format Version 12.00
# Visual Studio 15
VisualStudioVersion = 15.0.27428.2037
MinimumVisualStudioVersion = 10.0.40219.1
Project("{9A19103F-16F7-4668-BE54-9A1E7A4F7556}") = "Game.Engine", "Game.Engine\Game.Engine.csproj", "{3AD01CCA-F212-4EE1-8718-2250D4869A53}"
EndProject
Project("{9A19103F-16F7-4668-BE54-9A1E7A4F7556}") = "Game.Models", "Game.Models\Game.Models.csproj", "{01F913E0-7AE9-4120-BC4E-4C9873C73A59}"
EndProject
Global
	GlobalSection(SolutionConfigurationPlatforms) = preSolution
		Debug|Any CPU = Debug|Any CPU
		Release|Any CPU = Release|Any CPU
	EndGlobalSection
	GlobalSection(ProjectConfigurationPlatforms) = postSolution
		{3AD01CCA-F212-4EE1-8718-2250D4869A53}.Debug|Any CPU.ActiveCfg = Debug|Any CPU
		{3AD01CCA-F212-4EE1-8718-2250D4869A53}.Debug|Any CPU.Build.0 = Debug|Any CPU
		{3AD01CCA-F212-4EE1-8718-2250D4869A53}.Release|Any CPU.ActiveCfg = Release|Any CPU
		{3AD01CCA-F212-4EE1-8718-2250D4869A53}.Release|Any CPU.Build.0 = Release|Any CPU
		{01F913E0-7AE9-4120-BC4E-4C9873C73A59}.Debug|Any CPU.ActiveCfg = Debug|Any CPU
		{01F913E0-7AE9-4120-BC4E-4C9873C73A59}.Debug|Any CPU.Build.0 = Debug|Any CPU
		{01F913E0-7AE9-4120-BC4E-4C9873C73A59}.Release|Any CPU.ActiveCfg = Release|Any CPU
		{01F913E0-7AE9-4120-BC4E-4C9873C73A59}.Release|Any CPU.Build.0 = Release|Any CPU
	EndGlobalSection
	GlobalSection(SolutionProperties) = preSolution
		HideSolutionNode = FALSE
	EndGlobalSection
	GlobalSection(ExtensibilityGlobals) = postSolution
		SolutionGuid = {D8D24018-2874-4E74-B57D-E99DC8795337}
	EndGlobalSection
EndGlobal
