
Microsoft Visual Studio Solution File, Format Version 12.00
# Visual Studio Version 16
VisualStudioVersion = 16.0.29613.14
MinimumVisualStudioVersion = 10.0.40219.1
Project("{9A19103F-16F7-4668-BE54-9A1E7A4F7556}") = "Game.Engine", "Game.Engine\Game.Engine.csproj", "{3AD01CCA-F212-4EE1-8718-2250D4869A53}"
EndProject
Project("{9A19103F-16F7-4668-BE54-9A1E7A4F7556}") = "Game.Engine.Networking.FlatBuffers", "Game.Engine.Networking.FlatBuffers\Game.Engine.Networking.FlatBuffers.csproj", "{D405B0D3-9210-4724-849F-914200BCEA28}"
EndProject
Project("{9A19103F-16F7-4668-BE54-9A1E7A4F7556}") = "Game.Util", "Game.Util\Game.Util.csproj", "{F689805C-86CD-4B08-BA38-8946D9599A5D}"
EndProject
Project("{9A19103F-16F7-4668-BE54-9A1E7A4F7556}") = "Game.Robots", "Game.Robots\Game.Robots.csproj", "{D0600DFB-F0A1-456E-A386-F916210B66EE}"
EndProject
Project("{9A19103F-16F7-4668-BE54-9A1E7A4F7556}") = "Game.Registry", "Game.Registry\Game.Registry.csproj", "{BD231600-BDBE-48AE-89A8-366E22DF86D0}"
EndProject
Project("{9A19103F-16F7-4668-BE54-9A1E7A4F7556}") = "PKISharp.SimplePKI", "PKISharp.SimplePKI\PKISharp.SimplePKI.csproj", "{6EFC6827-A34A-4908-B413-A0286DDB83E3}"
EndProject
Project("{9A19103F-16F7-4668-BE54-9A1E7A4F7556}") = "Game.API.Client", "Game.API.Client\Game.API.Client.csproj", "{40BBE777-A59D-411F-BD61-34A2BB08D858}"
EndProject
Project("{9A19103F-16F7-4668-BE54-9A1E7A4F7556}") = "Game.API.Common", "Game.API.Common\Game.API.Common.csproj", "{0FC74086-5FDC-477E-93C2-927E11918AEE}"
EndProject
Project("{2150E333-8FDC-42A3-9474-1A3956D46DE8}") = "Samples", "Samples", "{F43AF143-3F82-43D5-8810-412793B71AC7}"
EndProject
Project("{2150E333-8FDC-42A3-9474-1A3956D46DE8}") = "Robots", "Robots", "{3E4103FD-0999-4E9E-BA94-03644DB54191}"
EndProject
Project("{9A19103F-16F7-4668-BE54-9A1E7A4F7556}") = "HelloMeatbags", "Samples\Robots\HelloMeatbags\HelloMeatbags.csproj", "{67D49D16-742B-4EB6-8B54-AD02A95D848E}"
EndProject
Global
	GlobalSection(SolutionConfigurationPlatforms) = preSolution
		Debug|Any CPU = Debug|Any CPU
		Release|Any CPU = Release|Any CPU
	EndGlobalSection
	GlobalSection(ProjectConfigurationPlatforms) = postSolution
		{3AD01CCA-F212-4EE1-8718-2250D4869A53}.Debug|Any CPU.ActiveCfg = Debug|Any CPU
		{3AD01CCA-F212-4EE1-8718-2250D4869A53}.Debug|Any CPU.Build.0 = Debug|Any CPU
		{3AD01CCA-F212-4EE1-8718-2250D4869A53}.Release|Any CPU.ActiveCfg = Release|Any CPU
		{3AD01CCA-F212-4EE1-8718-2250D4869A53}.Release|Any CPU.Build.0 = Release|Any CPU
		{D405B0D3-9210-4724-849F-914200BCEA28}.Debug|Any CPU.ActiveCfg = Debug|Any CPU
		{D405B0D3-9210-4724-849F-914200BCEA28}.Debug|Any CPU.Build.0 = Debug|Any CPU
		{D405B0D3-9210-4724-849F-914200BCEA28}.Release|Any CPU.ActiveCfg = Release|Any CPU
		{D405B0D3-9210-4724-849F-914200BCEA28}.Release|Any CPU.Build.0 = Release|Any CPU
		{F689805C-86CD-4B08-BA38-8946D9599A5D}.Debug|Any CPU.ActiveCfg = Debug|Any CPU
		{F689805C-86CD-4B08-BA38-8946D9599A5D}.Debug|Any CPU.Build.0 = Debug|Any CPU
		{F689805C-86CD-4B08-BA38-8946D9599A5D}.Release|Any CPU.ActiveCfg = Release|Any CPU
		{F689805C-86CD-4B08-BA38-8946D9599A5D}.Release|Any CPU.Build.0 = Release|Any CPU
		{D0600DFB-F0A1-456E-A386-F916210B66EE}.Debug|Any CPU.ActiveCfg = Debug|Any CPU
		{D0600DFB-F0A1-456E-A386-F916210B66EE}.Debug|Any CPU.Build.0 = Debug|Any CPU
		{D0600DFB-F0A1-456E-A386-F916210B66EE}.Release|Any CPU.ActiveCfg = Release|Any CPU
		{D0600DFB-F0A1-456E-A386-F916210B66EE}.Release|Any CPU.Build.0 = Release|Any CPU
		{BD231600-BDBE-48AE-89A8-366E22DF86D0}.Debug|Any CPU.ActiveCfg = Debug|Any CPU
		{BD231600-BDBE-48AE-89A8-366E22DF86D0}.Debug|Any CPU.Build.0 = Debug|Any CPU
		{BD231600-BDBE-48AE-89A8-366E22DF86D0}.Release|Any CPU.ActiveCfg = Release|Any CPU
		{BD231600-BDBE-48AE-89A8-366E22DF86D0}.Release|Any CPU.Build.0 = Release|Any CPU
		{6EFC6827-A34A-4908-B413-A0286DDB83E3}.Debug|Any CPU.ActiveCfg = Debug|Any CPU
		{6EFC6827-A34A-4908-B413-A0286DDB83E3}.Debug|Any CPU.Build.0 = Debug|Any CPU
		{6EFC6827-A34A-4908-B413-A0286DDB83E3}.Release|Any CPU.ActiveCfg = Release|Any CPU
		{6EFC6827-A34A-4908-B413-A0286DDB83E3}.Release|Any CPU.Build.0 = Release|Any CPU
		{40BBE777-A59D-411F-BD61-34A2BB08D858}.Debug|Any CPU.ActiveCfg = Debug|Any CPU
		{40BBE777-A59D-411F-BD61-34A2BB08D858}.Debug|Any CPU.Build.0 = Debug|Any CPU
		{40BBE777-A59D-411F-BD61-34A2BB08D858}.Release|Any CPU.ActiveCfg = Release|Any CPU
		{40BBE777-A59D-411F-BD61-34A2BB08D858}.Release|Any CPU.Build.0 = Release|Any CPU
		{0FC74086-5FDC-477E-93C2-927E11918AEE}.Debug|Any CPU.ActiveCfg = Debug|Any CPU
		{0FC74086-5FDC-477E-93C2-927E11918AEE}.Debug|Any CPU.Build.0 = Debug|Any CPU
		{0FC74086-5FDC-477E-93C2-927E11918AEE}.Release|Any CPU.ActiveCfg = Release|Any CPU
		{0FC74086-5FDC-477E-93C2-927E11918AEE}.Release|Any CPU.Build.0 = Release|Any CPU
		{67D49D16-742B-4EB6-8B54-AD02A95D848E}.Debug|Any CPU.ActiveCfg = Debug|Any CPU
		{67D49D16-742B-4EB6-8B54-AD02A95D848E}.Debug|Any CPU.Build.0 = Debug|Any CPU
		{67D49D16-742B-4EB6-8B54-AD02A95D848E}.Release|Any CPU.ActiveCfg = Release|Any CPU
		{67D49D16-742B-4EB6-8B54-AD02A95D848E}.Release|Any CPU.Build.0 = Release|Any CPU
	EndGlobalSection
	GlobalSection(SolutionProperties) = preSolution
		HideSolutionNode = FALSE
	EndGlobalSection
	GlobalSection(NestedProjects) = preSolution
		{3E4103FD-0999-4E9E-BA94-03644DB54191} = {F43AF143-3F82-43D5-8810-412793B71AC7}
		{67D49D16-742B-4EB6-8B54-AD02A95D848E} = {3E4103FD-0999-4E9E-BA94-03644DB54191}
	EndGlobalSection
	GlobalSection(ExtensibilityGlobals) = postSolution
		SolutionGuid = {D8D24018-2874-4E74-B57D-E99DC8795337}
	EndGlobalSection
EndGlobal
